// !$*UTF8*$!
{
	archiveVersion = 1;
	classes = {
	};
	objectVersion = 50;
	objects = {

/* Begin PBXBuildFile section */
		F88CE40624A2E0FE008ECCE2 /* AppDelegate.swift in Sources */ = {isa = PBXBuildFile; fileRef = F88CE40524A2E0FE008ECCE2 /* AppDelegate.swift */; };
		F88CE40824A2E0FE008ECCE2 /* SceneDelegate.swift in Sources */ = {isa = PBXBuildFile; fileRef = F88CE40724A2E0FE008ECCE2 /* SceneDelegate.swift */; };
		F88CE40A24A2E0FE008ECCE2 /* ViewController.swift in Sources */ = {isa = PBXBuildFile; fileRef = F88CE40924A2E0FE008ECCE2 /* ViewController.swift */; };
		F88CE40D24A2E0FE008ECCE2 /* Main.storyboard in Resources */ = {isa = PBXBuildFile; fileRef = F88CE40B24A2E0FE008ECCE2 /* Main.storyboard */; };
		F88CE40F24A2E106008ECCE2 /* Assets.xcassets in Resources */ = {isa = PBXBuildFile; fileRef = F88CE40E24A2E106008ECCE2 /* Assets.xcassets */; };
		F88CE41224A2E106008ECCE2 /* LaunchScreen.storyboard in Resources */ = {isa = PBXBuildFile; fileRef = F88CE41024A2E106008ECCE2 /* LaunchScreen.storyboard */; };
		F88CE41D24A2E106008ECCE2 /* FlixterTests.swift in Sources */ = {isa = PBXBuildFile; fileRef = F88CE41C24A2E106008ECCE2 /* FlixterTests.swift */; };
		F88CE42824A2E106008ECCE2 /* FlixterUITests.swift in Sources */ = {isa = PBXBuildFile; fileRef = F88CE42724A2E106008ECCE2 /* FlixterUITests.swift */; };
/* End PBXBuildFile section */

/* Begin PBXContainerItemProxy section */
		F88CE41924A2E106008ECCE2 /* PBXContainerItemProxy */ = {
			isa = PBXContainerItemProxy;
			containerPortal = F88CE3FA24A2E0FE008ECCE2 /* Project object */;
			proxyType = 1;
			remoteGlobalIDString = F88CE40124A2E0FE008ECCE2;
			remoteInfo = Flixter;
		};
		F88CE42424A2E106008ECCE2 /* PBXContainerItemProxy */ = {
			isa = PBXContainerItemProxy;
			containerPortal = F88CE3FA24A2E0FE008ECCE2 /* Project object */;
			proxyType = 1;
			remoteGlobalIDString = F88CE40124A2E0FE008ECCE2;
			remoteInfo = Flixter;
		};
/* End PBXContainerItemProxy section */

/* Begin PBXFileReference section */
		F88CE40224A2E0FE008ECCE2 /* Flixter.app */ = {isa = PBXFileReference; explicitFileType = wrapper.application; includeInIndex = 0; path = Flixter.app; sourceTree = BUILT_PRODUCTS_DIR; };
		F88CE40524A2E0FE008ECCE2 /* AppDelegate.swift */ = {isa = PBXFileReference; lastKnownFileType = sourcecode.swift; path = AppDelegate.swift; sourceTree = "<group>"; };
		F88CE40724A2E0FE008ECCE2 /* SceneDelegate.swift */ = {isa = PBXFileReference; lastKnownFileType = sourcecode.swift; path = SceneDelegate.swift; sourceTree = "<group>"; };
		F88CE40924A2E0FE008ECCE2 /* ViewController.swift */ = {isa = PBXFileReference; lastKnownFileType = sourcecode.swift; path = ViewController.swift; sourceTree = "<group>"; };
		F88CE40C24A2E0FE008ECCE2 /* Base */ = {isa = PBXFileReference; lastKnownFileType = file.storyboard; name = Base; path = Base.lproj/Main.storyboard; sourceTree = "<group>"; };
		F88CE40E24A2E106008ECCE2 /* Assets.xcassets */ = {isa = PBXFileReference; lastKnownFileType = folder.assetcatalog; path = Assets.xcassets; sourceTree = "<group>"; };
		F88CE41124A2E106008ECCE2 /* Base */ = {isa = PBXFileReference; lastKnownFileType = file.storyboard; name = Base; path = Base.lproj/LaunchScreen.storyboard; sourceTree = "<group>"; };
		F88CE41324A2E106008ECCE2 /* Info.plist */ = {isa = PBXFileReference; lastKnownFileType = text.plist.xml; path = Info.plist; sourceTree = "<group>"; };
		F88CE41824A2E106008ECCE2 /* FlixterTests.xctest */ = {isa = PBXFileReference; explicitFileType = wrapper.cfbundle; includeInIndex = 0; path = FlixterTests.xctest; sourceTree = BUILT_PRODUCTS_DIR; };
		F88CE41C24A2E106008ECCE2 /* FlixterTests.swift */ = {isa = PBXFileReference; lastKnownFileType = sourcecode.swift; path = FlixterTests.swift; sourceTree = "<group>"; };
		F88CE41E24A2E106008ECCE2 /* Info.plist */ = {isa = PBXFileReference; lastKnownFileType = text.plist.xml; path = Info.plist; sourceTree = "<group>"; };
		F88CE42324A2E106008ECCE2 /* FlixterUITests.xctest */ = {isa = PBXFileReference; explicitFileType = wrapper.cfbundle; includeInIndex = 0; path = FlixterUITests.xctest; sourceTree = BUILT_PRODUCTS_DIR; };
		F88CE42724A2E106008ECCE2 /* FlixterUITests.swift */ = {isa = PBXFileReference; lastKnownFileType = sourcecode.swift; path = FlixterUITests.swift; sourceTree = "<group>"; };
		F88CE42924A2E106008ECCE2 /* Info.plist */ = {isa = PBXFileReference; lastKnownFileType = text.plist.xml; path = Info.plist; sourceTree = "<group>"; };
/* End PBXFileReference section */

/* Begin PBXFrameworksBuildPhase section */
		F88CE3FF24A2E0FE008ECCE2 /* Frameworks */ = {
			isa = PBXFrameworksBuildPhase;
			buildActionMask = 2147483647;
			files = (
			);
			runOnlyForDeploymentPostprocessing = 0;
		};
		F88CE41524A2E106008ECCE2 /* Frameworks */ = {
			isa = PBXFrameworksBuildPhase;
			buildActionMask = 2147483647;
			files = (
			);
			runOnlyForDeploymentPostprocessing = 0;
		};
		F88CE42024A2E106008ECCE2 /* Frameworks */ = {
			isa = PBXFrameworksBuildPhase;
			buildActionMask = 2147483647;
			files = (
			);
			runOnlyForDeploymentPostprocessing = 0;
		};
/* End PBXFrameworksBuildPhase section */

/* Begin PBXGroup section */
		F88CE3F924A2E0FE008ECCE2 = {
			isa = PBXGroup;
			children = (
				F88CE40424A2E0FE008ECCE2 /* Flixter */,
				F88CE41B24A2E106008ECCE2 /* FlixterTests */,
				F88CE42624A2E106008ECCE2 /* FlixterUITests */,
				F88CE40324A2E0FE008ECCE2 /* Products */,
			);
			sourceTree = "<group>";
		};
		F88CE40324A2E0FE008ECCE2 /* Products */ = {
			isa = PBXGroup;
			children = (
				F88CE40224A2E0FE008ECCE2 /* Flixter.app */,
				F88CE41824A2E106008ECCE2 /* FlixterTests.xctest */,
				F88CE42324A2E106008ECCE2 /* FlixterUITests.xctest */,
			);
			name = Products;
			sourceTree = "<group>";
		};
		F88CE40424A2E0FE008ECCE2 /* Flixter */ = {
			isa = PBXGroup;
			children = (
				F88CE40524A2E0FE008ECCE2 /* AppDelegate.swift */,
				F88CE40724A2E0FE008ECCE2 /* SceneDelegate.swift */,
				F88CE40924A2E0FE008ECCE2 /* ViewController.swift */,
				F88CE40B24A2E0FE008ECCE2 /* Main.storyboard */,
				F88CE40E24A2E106008ECCE2 /* Assets.xcassets */,
				F88CE41024A2E106008ECCE2 /* LaunchScreen.storyboard */,
				F88CE41324A2E106008ECCE2 /* Info.plist */,
			);
			path = Flixter;
			sourceTree = "<group>";
		};
		F88CE41B24A2E106008ECCE2 /* FlixterTests */ = {
			isa = PBXGroup;
			children = (
				F88CE41C24A2E106008ECCE2 /* FlixterTests.swift */,
				F88CE41E24A2E106008ECCE2 /* Info.plist */,
			);
			path = FlixterTests;
			sourceTree = "<group>";
		};
		F88CE42624A2E106008ECCE2 /* FlixterUITests */ = {
			isa = PBXGroup;
			children = (
				F88CE42724A2E106008ECCE2 /* FlixterUITests.swift */,
				F88CE42924A2E106008ECCE2 /* Info.plist */,
			);
			path = FlixterUITests;
			sourceTree = "<group>";
		};
/* End PBXGroup section */

/* Begin PBXNativeTarget section */
		F88CE40124A2E0FE008ECCE2 /* Flixter */ = {
			isa = PBXNativeTarget;
			buildConfigurationList = F88CE42C24A2E106008ECCE2 /* Build configuration list for PBXNativeTarget "Flixter" */;
			buildPhases = (
				F88CE3FE24A2E0FE008ECCE2 /* Sources */,
				F88CE3FF24A2E0FE008ECCE2 /* Frameworks */,
				F88CE40024A2E0FE008ECCE2 /* Resources */,
			);
			buildRules = (
			);
			dependencies = (
			);
			name = Flixter;
			productName = Flixter;
			productReference = F88CE40224A2E0FE008ECCE2 /* Flixter.app */;
			productType = "com.apple.product-type.application";
		};
		F88CE41724A2E106008ECCE2 /* FlixterTests */ = {
			isa = PBXNativeTarget;
			buildConfigurationList = F88CE42F24A2E106008ECCE2 /* Build configuration list for PBXNativeTarget "FlixterTests" */;
			buildPhases = (
				F88CE41424A2E106008ECCE2 /* Sources */,
				F88CE41524A2E106008ECCE2 /* Frameworks */,
				F88CE41624A2E106008ECCE2 /* Resources */,
			);
			buildRules = (
			);
			dependencies = (
				F88CE41A24A2E106008ECCE2 /* PBXTargetDependency */,
			);
			name = FlixterTests;
			productName = FlixterTests;
			productReference = F88CE41824A2E106008ECCE2 /* FlixterTests.xctest */;
			productType = "com.apple.product-type.bundle.unit-test";
		};
		F88CE42224A2E106008ECCE2 /* FlixterUITests */ = {
			isa = PBXNativeTarget;
			buildConfigurationList = F88CE43224A2E106008ECCE2 /* Build configuration list for PBXNativeTarget "FlixterUITests" */;
			buildPhases = (
				F88CE41F24A2E106008ECCE2 /* Sources */,
				F88CE42024A2E106008ECCE2 /* Frameworks */,
				F88CE42124A2E106008ECCE2 /* Resources */,
			);
			buildRules = (
			);
			dependencies = (
				F88CE42524A2E106008ECCE2 /* PBXTargetDependency */,
			);
			name = FlixterUITests;
			productName = FlixterUITests;
			productReference = F88CE42324A2E106008ECCE2 /* FlixterUITests.xctest */;
			productType = "com.apple.product-type.bundle.ui-testing";
		};
/* End PBXNativeTarget section */

/* Begin PBXProject section */
		F88CE3FA24A2E0FE008ECCE2 /* Project object */ = {
			isa = PBXProject;
			attributes = {
				LastSwiftUpdateCheck = 1140;
				LastUpgradeCheck = 1140;
				ORGANIZATIONNAME = "Pooja Yadav";
				TargetAttributes = {
					F88CE40124A2E0FE008ECCE2 = {
						CreatedOnToolsVersion = 11.4.1;
					};
					F88CE41724A2E106008ECCE2 = {
						CreatedOnToolsVersion = 11.4.1;
						TestTargetID = F88CE40124A2E0FE008ECCE2;
					};
					F88CE42224A2E106008ECCE2 = {
						CreatedOnToolsVersion = 11.4.1;
						TestTargetID = F88CE40124A2E0FE008ECCE2;
					};
				};
			};
			buildConfigurationList = F88CE3FD24A2E0FE008ECCE2 /* Build configuration list for PBXProject "Flixter" */;
			compatibilityVersion = "Xcode 9.3";
			developmentRegion = en;
			hasScannedForEncodings = 0;
			knownRegions = (
				en,
				Base,
			);
			mainGroup = F88CE3F924A2E0FE008ECCE2;
			productRefGroup = F88CE40324A2E0FE008ECCE2 /* Products */;
			projectDirPath = "";
			projectRoot = "";
			targets = (
				F88CE40124A2E0FE008ECCE2 /* Flixter */,
				F88CE41724A2E106008ECCE2 /* FlixterTests */,
				F88CE42224A2E106008ECCE2 /* FlixterUITests */,
			);
		};
/* End PBXProject section */

/* Begin PBXResourcesBuildPhase section */
		F88CE40024A2E0FE008ECCE2 /* Resources */ = {
			isa = PBXResourcesBuildPhase;
			buildActionMask = 2147483647;
			files = (
				F88CE41224A2E106008ECCE2 /* LaunchScreen.storyboard in Resources */,
				F88CE40F24A2E106008ECCE2 /* Assets.xcassets in Resources */,
				F88CE40D24A2E0FE008ECCE2 /* Main.storyboard in Resources */,
			);
			runOnlyForDeploymentPostprocessing = 0;
		};
		F88CE41624A2E106008ECCE2 /* Resources */ = {
			isa = PBXResourcesBuildPhase;
			buildActionMask = 2147483647;
			files = (
			);
			runOnlyForDeploymentPostprocessing = 0;
		};
		F88CE42124A2E106008ECCE2 /* Resources */ = {
			isa = PBXResourcesBuildPhase;
			buildActionMask = 2147483647;
			files = (
			);
			runOnlyForDeploymentPostprocessing = 0;
		};
/* End PBXResourcesBuildPhase section */

/* Begin PBXSourcesBuildPhase section */
		F88CE3FE24A2E0FE008ECCE2 /* Sources */ = {
			isa = PBXSourcesBuildPhase;
			buildActionMask = 2147483647;
			files = (
				F88CE40A24A2E0FE008ECCE2 /* ViewController.swift in Sources */,
				F88CE40624A2E0FE008ECCE2 /* AppDelegate.swift in Sources */,
				F88CE40824A2E0FE008ECCE2 /* SceneDelegate.swift in Sources */,
			);
			runOnlyForDeploymentPostprocessing = 0;
		};
		F88CE41424A2E106008ECCE2 /* Sources */ = {
			isa = PBXSourcesBuildPhase;
			buildActionMask = 2147483647;
			files = (
				F88CE41D24A2E106008ECCE2 /* FlixterTests.swift in Sources */,
			);
			runOnlyForDeploymentPostprocessing = 0;
		};
		F88CE41F24A2E106008ECCE2 /* Sources */ = {
			isa = PBXSourcesBuildPhase;
			buildActionMask = 2147483647;
			files = (
				F88CE42824A2E106008ECCE2 /* FlixterUITests.swift in Sources */,
			);
			runOnlyForDeploymentPostprocessing = 0;
		};
/* End PBXSourcesBuildPhase section */

/* Begin PBXTargetDependency section */
		F88CE41A24A2E106008ECCE2 /* PBXTargetDependency */ = {
			isa = PBXTargetDependency;
			target = F88CE40124A2E0FE008ECCE2 /* Flixter */;
			targetProxy = F88CE41924A2E106008ECCE2 /* PBXContainerItemProxy */;
		};
		F88CE42524A2E106008ECCE2 /* PBXTargetDependency */ = {
			isa = PBXTargetDependency;
			target = F88CE40124A2E0FE008ECCE2 /* Flixter */;
			targetProxy = F88CE42424A2E106008ECCE2 /* PBXContainerItemProxy */;
		};
/* End PBXTargetDependency section */

/* Begin PBXVariantGroup section */
		F88CE40B24A2E0FE008ECCE2 /* Main.storyboard */ = {
			isa = PBXVariantGroup;
			children = (
				F88CE40C24A2E0FE008ECCE2 /* Base */,
			);
			name = Main.storyboard;
			sourceTree = "<group>";
		};
		F88CE41024A2E106008ECCE2 /* LaunchScreen.storyboard */ = {
			isa = PBXVariantGroup;
			children = (
				F88CE41124A2E106008ECCE2 /* Base */,
			);
			name = LaunchScreen.storyboard;
			sourceTree = "<group>";
		};
/* End PBXVariantGroup section */

/* Begin XCBuildConfiguration section */
		F88CE42A24A2E106008ECCE2 /* Debug */ = {
			isa = XCBuildConfiguration;
			buildSettings = {
				ALWAYS_SEARCH_USER_PATHS = NO;
				CLANG_ANALYZER_NONNULL = YES;
				CLANG_ANALYZER_NUMBER_OBJECT_CONVERSION = YES_AGGRESSIVE;
				CLANG_CXX_LANGUAGE_STANDARD = "gnu++14";
				CLANG_CXX_LIBRARY = "libc++";
				CLANG_ENABLE_MODULES = YES;
				CLANG_ENABLE_OBJC_ARC = YES;
				CLANG_ENABLE_OBJC_WEAK = YES;
				CLANG_WARN_BLOCK_CAPTURE_AUTORELEASING = YES;
				CLANG_WARN_BOOL_CONVERSION = YES;
				CLANG_WARN_COMMA = YES;
				CLANG_WARN_CONSTANT_CONVERSION = YES;
				CLANG_WARN_DEPRECATED_OBJC_IMPLEMENTATIONS = YES;
				CLANG_WARN_DIRECT_OBJC_ISA_USAGE = YES_ERROR;
				CLANG_WARN_DOCUMENTATION_COMMENTS = YES;
				CLANG_WARN_EMPTY_BODY = YES;
				CLANG_WARN_ENUM_CONVERSION = YES;
				CLANG_WARN_INFINITE_RECURSION = YES;
				CLANG_WARN_INT_CONVERSION = YES;
				CLANG_WARN_NON_LITERAL_NULL_CONVERSION = YES;
				CLANG_WARN_OBJC_IMPLICIT_RETAIN_SELF = YES;
				CLANG_WARN_OBJC_LITERAL_CONVERSION = YES;
				CLANG_WARN_OBJC_ROOT_CLASS = YES_ERROR;
				CLANG_WARN_RANGE_LOOP_ANALYSIS = YES;
				CLANG_WARN_STRICT_PROTOTYPES = YES;
				CLANG_WARN_SUSPICIOUS_MOVE = YES;
				CLANG_WARN_UNGUARDED_AVAILABILITY = YES_AGGRESSIVE;
				CLANG_WARN_UNREACHABLE_CODE = YES;
				CLANG_WARN__DUPLICATE_METHOD_MATCH = YES;
				COPY_PHASE_STRIP = NO;
				DEBUG_INFORMATION_FORMAT = dwarf;
				ENABLE_STRICT_OBJC_MSGSEND = YES;
				ENABLE_TESTABILITY = YES;
				GCC_C_LANGUAGE_STANDARD = gnu11;
				GCC_DYNAMIC_NO_PIC = NO;
				GCC_NO_COMMON_BLOCKS = YES;
				GCC_OPTIMIZATION_LEVEL = 0;
				GCC_PREPROCESSOR_DEFINITIONS = (
					"DEBUG=1",
					"$(inherited)",
				);
				GCC_WARN_64_TO_32_BIT_CONVERSION = YES;
				GCC_WARN_ABOUT_RETURN_TYPE = YES_ERROR;
				GCC_WARN_UNDECLARED_SELECTOR = YES;
				GCC_WARN_UNINITIALIZED_AUTOS = YES_AGGRESSIVE;
				GCC_WARN_UNUSED_FUNCTION = YES;
				GCC_WARN_UNUSED_VARIABLE = YES;
				IPHONEOS_DEPLOYMENT_TARGET = 13.4;
				MTL_ENABLE_DEBUG_INFO = INCLUDE_SOURCE;
				MTL_FAST_MATH = YES;
				ONLY_ACTIVE_ARCH = YES;
				SDKROOT = iphoneos;
				SWIFT_ACTIVE_COMPILATION_CONDITIONS = DEBUG;
				SWIFT_OPTIMIZATION_LEVEL = "-Onone";
			};
			name = Debug;
		};
		F88CE42B24A2E106008ECCE2 /* Release */ = {
			isa = XCBuildConfiguration;
			buildSettings = {
				ALWAYS_SEARCH_USER_PATHS = NO;
				CLANG_ANALYZER_NONNULL = YES;
				CLANG_ANALYZER_NUMBER_OBJECT_CONVERSION = YES_AGGRESSIVE;
				CLANG_CXX_LANGUAGE_STANDARD = "gnu++14";
				CLANG_CXX_LIBRARY = "libc++";
				CLANG_ENABLE_MODULES = YES;
				CLANG_ENABLE_OBJC_ARC = YES;
				CLANG_ENABLE_OBJC_WEAK = YES;
				CLANG_WARN_BLOCK_CAPTURE_AUTORELEASING = YES;
				CLANG_WARN_BOOL_CONVERSION = YES;
				CLANG_WARN_COMMA = YES;
				CLANG_WARN_CONSTANT_CONVERSION = YES;
				CLANG_WARN_DEPRECATED_OBJC_IMPLEMENTATIONS = YES;
				CLANG_WARN_DIRECT_OBJC_ISA_USAGE = YES_ERROR;
				CLANG_WARN_DOCUMENTATION_COMMENTS = YES;
				CLANG_WARN_EMPTY_BODY = YES;
				CLANG_WARN_ENUM_CONVERSION = YES;
				CLANG_WARN_INFINITE_RECURSION = YES;
				CLANG_WARN_INT_CONVERSION = YES;
				CLANG_WARN_NON_LITERAL_NULL_CONVERSION = YES;
				CLANG_WARN_OBJC_IMPLICIT_RETAIN_SELF = YES;
				CLANG_WARN_OBJC_LITERAL_CONVERSION = YES;
				CLANG_WARN_OBJC_ROOT_CLASS = YES_ERROR;
				CLANG_WARN_RANGE_LOOP_ANALYSIS = YES;
				CLANG_WARN_STRICT_PROTOTYPES = YES;
				CLANG_WARN_SUSPICIOUS_MOVE = YES;
				CLANG_WARN_UNGUARDED_AVAILABILITY = YES_AGGRESSIVE;
				CLANG_WARN_UNREACHABLE_CODE = YES;
				CLANG_WARN__DUPLICATE_METHOD_MATCH = YES;
				COPY_PHASE_STRIP = NO;
				DEBUG_INFORMATION_FORMAT = "dwarf-with-dsym";
				ENABLE_NS_ASSERTIONS = NO;
				ENABLE_STRICT_OBJC_MSGSEND = YES;
				GCC_C_LANGUAGE_STANDARD = gnu11;
				GCC_NO_COMMON_BLOCKS = YES;
				GCC_WARN_64_TO_32_BIT_CONVERSION = YES;
				GCC_WARN_ABOUT_RETURN_TYPE = YES_ERROR;
				GCC_WARN_UNDECLARED_SELECTOR = YES;
				GCC_WARN_UNINITIALIZED_AUTOS = YES_AGGRESSIVE;
				GCC_WARN_UNUSED_FUNCTION = YES;
				GCC_WARN_UNUSED_VARIABLE = YES;
				IPHONEOS_DEPLOYMENT_TARGET = 13.4;
				MTL_ENABLE_DEBUG_INFO = NO;
				MTL_FAST_MATH = YES;
				SDKROOT = iphoneos;
				SWIFT_COMPILATION_MODE = wholemodule;
				SWIFT_OPTIMIZATION_LEVEL = "-O";
				VALIDATE_PRODUCT = YES;
			};
			name = Release;
		};
		F88CE42D24A2E106008ECCE2 /* Debug */ = {
			isa = XCBuildConfiguration;
			buildSettings = {
				ASSETCATALOG_COMPILER_APPICON_NAME = AppIcon;
				CODE_SIGN_STYLE = Automatic;
				INFOPLIST_FILE = Flixter/Info.plist;
				LD_RUNPATH_SEARCH_PATHS = (
					"$(inherited)",
					"@executable_path/Frameworks",
				);
				PRODUCT_BUNDLE_IDENTIFIER = com.poojayadav.Flixter;
				PRODUCT_NAME = "$(TARGET_NAME)";
				SWIFT_VERSION = 5.0;
				TARGETED_DEVICE_FAMILY = "1,2";
			};
			name = Debug;
		};
		F88CE42E24A2E106008ECCE2 /* Release */ = {
			isa = XCBuildConfiguration;
			buildSettings = {
				ASSETCATALOG_COMPILER_APPICON_NAME = AppIcon;
				CODE_SIGN_STYLE = Automatic;
				INFOPLIST_FILE = Flixter/Info.plist;
				LD_RUNPATH_SEARCH_PATHS = (
					"$(inherited)",
					"@executable_path/Frameworks",
				);
				PRODUCT_BUNDLE_IDENTIFIER = com.poojayadav.Flixter;
				PRODUCT_NAME = "$(TARGET_NAME)";
				SWIFT_VERSION = 5.0;
				TARGETED_DEVICE_FAMILY = "1,2";
			};
			name = Release;
		};
		F88CE43024A2E106008ECCE2 /* Debug */ = {
			isa = XCBuildConfiguration;
			buildSettings = {
				ALWAYS_EMBED_SWIFT_STANDARD_LIBRARIES = YES;
				BUNDLE_LOADER = "$(TEST_HOST)";
				CODE_SIGN_STYLE = Automatic;
				INFOPLIST_FILE = FlixterTests/Info.plist;
				IPHONEOS_DEPLOYMENT_TARGET = 13.4;
				LD_RUNPATH_SEARCH_PATHS = (
					"$(inherited)",
					"@executable_path/Frameworks",
					"@loader_path/Frameworks",
				);
				PRODUCT_BUNDLE_IDENTIFIER = com.poojayadav.FlixterTests;
				PRODUCT_NAME = "$(TARGET_NAME)";
				SWIFT_VERSION = 5.0;
				TARGETED_DEVICE_FAMILY = "1,2";
				TEST_HOST = "$(BUILT_PRODUCTS_DIR)/Flixter.app/Flixter";
			};
			name = Debug;
		};
		F88CE43124A2E106008ECCE2 /* Release */ = {
			isa = XCBuildConfiguration;
			buildSettings = {
				ALWAYS_EMBED_SWIFT_STANDARD_LIBRARIES = YES;
				BUNDLE_LOADER = "$(TEST_HOST)";
				CODE_SIGN_STYLE = Automatic;
				INFOPLIST_FILE = FlixterTests/Info.plist;
				IPHONEOS_DEPLOYMENT_TARGET = 13.4;
				LD_RUNPATH_SEARCH_PATHS = (
					"$(inherited)",
					"@executable_path/Frameworks",
					"@loader_path/Frameworks",
				);
				PRODUCT_BUNDLE_IDENTIFIER = com.poojayadav.FlixterTests;
				PRODUCT_NAME = "$(TARGET_NAME)";
				SWIFT_VERSION = 5.0;
				TARGETED_DEVICE_FAMILY = "1,2";
				TEST_HOST = "$(BUILT_PRODUCTS_DIR)/Flixter.app/Flixter";
			};
			name = Release;
		};
		F88CE43324A2E106008ECCE2 /* Debug */ = {
			isa = XCBuildConfiguration;
			buildSettings = {
				ALWAYS_EMBED_SWIFT_STANDARD_LIBRARIES = YES;
				CODE_SIGN_STYLE = Automatic;
				INFOPLIST_FILE = FlixterUITests/Info.plist;
				LD_RUNPATH_SEARCH_PATHS = (
					"$(inherited)",
					"@executable_path/Frameworks",
					"@loader_path/Frameworks",
				);
				PRODUCT_BUNDLE_IDENTIFIER = com.poojayadav.FlixterUITests;
				PRODUCT_NAME = "$(TARGET_NAME)";
				SWIFT_VERSION = 5.0;
				TARGETED_DEVICE_FAMILY = "1,2";
				TEST_TARGET_NAME = Flixter;
			};
			name = Debug;
		};
		F88CE43424A2E106008ECCE2 /* Release */ = {
			isa = XCBuildConfiguration;
			buildSettings = {
				ALWAYS_EMBED_SWIFT_STANDARD_LIBRARIES = YES;
				CODE_SIGN_STYLE = Automatic;
				INFOPLIST_FILE = FlixterUITests/Info.plist;
				LD_RUNPATH_SEARCH_PATHS = (
					"$(inherited)",
					"@executable_path/Frameworks",
					"@loader_path/Frameworks",
				);
				PRODUCT_BUNDLE_IDENTIFIER = com.poojayadav.FlixterUITests;
				PRODUCT_NAME = "$(TARGET_NAME)";
				SWIFT_VERSION = 5.0;
				TARGETED_DEVICE_FAMILY = "1,2";
				TEST_TARGET_NAME = Flixter;
			};
			name = Release;
		};
/* End XCBuildConfiguration section */

/* Begin XCConfigurationList section */
		F88CE3FD24A2E0FE008ECCE2 /* Build configuration list for PBXProject "Flixter" */ = {
			isa = XCConfigurationList;
			buildConfigurations = (
				F88CE42A24A2E106008ECCE2 /* Debug */,
				F88CE42B24A2E106008ECCE2 /* Release */,
			);
			defaultConfigurationIsVisible = 0;
			defaultConfigurationName = Release;
		};
		F88CE42C24A2E106008ECCE2 /* Build configuration list for PBXNativeTarget "Flixter" */ = {
			isa = XCConfigurationList;
			buildConfigurations = (
				F88CE42D24A2E106008ECCE2 /* Debug */,
				F88CE42E24A2E106008ECCE2 /* Release */,
			);
			defaultConfigurationIsVisible = 0;
			defaultConfigurationName = Release;
		};
		F88CE42F24A2E106008ECCE2 /* Build configuration list for PBXNativeTarget "FlixterTests" */ = {
			isa = XCConfigurationList;
			buildConfigurations = (
				F88CE43024A2E106008ECCE2 /* Debug */,
				F88CE43124A2E106008ECCE2 /* Release */,
			);
			defaultConfigurationIsVisible = 0;
			defaultConfigurationName = Release;
		};
		F88CE43224A2E106008ECCE2 /* Build configuration list for PBXNativeTarget "FlixterUITests" */ = {
			isa = XCConfigurationList;
			buildConfigurations = (
				F88CE43324A2E106008ECCE2 /* Debug */,
				F88CE43424A2E106008ECCE2 /* Release */,
			);
			defaultConfigurationIsVisible = 0;
			defaultConfigurationName = Release;
		};
/* End XCConfigurationList section */
	};
	rootObject = F88CE3FA24A2E0FE008ECCE2 /* Project object */;
}
